# auto-generated by grc.converter

id: halow_halow_sync_short
label: HaLow Sync Short
category: '[halow]'

parameters:
-   id: log
    label: Log
    dtype: bool
    default: 'False'
    options: ['True', 'False']
    option_labels: [Enable, Disable]
-   id: debug
    label: Debug
    dtype: bool
    default: 'False'
    options: ['True', 'False']
    option_labels: [Enable, Disable]
-   id: threshold
    label: Threshold
    dtype: real
    default: '0.8'
-   id: min_plateau
    label: Min Plateau
    dtype: int
    default: '2'

inputs:
-   domain: stream
    dtype: complex
    multiplicity: '1'
-   label: abs
    domain: stream
    dtype: complex
    multiplicity: '1'
-   label: cor
    domain: stream
    dtype: float
    multiplicity: '1'

outputs:
-   domain: stream
    dtype: complex
    multiplicity: '1'
asserts:
- ${ threshold > 0 }
- ${ min_plateau > 0 }

templates:
    imports: from gnuradio import halow
    make: halow.halow_sync_short(${threshold}, ${min_plateau}, ${log}, ${debug})

file_format: 1